
Microsoft Visual Studio Solution File, Format Version 12.00
# Visual Studio Version 17
VisualStudioVersion = 17.3.32922.545
MinimumVisualStudioVersion = 10.0.40219.1
Project("{FAE04EC0-301F-11D3-BF4B-00C04F79EFBC}") = "Internship-2-C-Sharp", "Internship-2-C-Sharp\Internship-2-C-Sharp.csproj", "{75035DBE-AC11-4103-AECC-95607350243D}"
EndProject
Global
	GlobalSection(SolutionConfigurationPlatforms) = preSolution
		Debug|Any CPU = Debug|Any CPU
		Release|Any CPU = Release|Any CPU
	EndGlobalSection
	GlobalSection(ProjectConfigurationPlatforms) = postSolution
		{75035DBE-AC11-4103-AECC-95607350243D}.Debug|Any CPU.ActiveCfg = Debug|Any CPU
		{75035DBE-AC11-4103-AECC-95607350243D}.Debug|Any CPU.Build.0 = Debug|Any CPU
		{75035DBE-AC11-4103-AECC-95607350243D}.Release|Any CPU.ActiveCfg = Release|Any CPU
		{75035DBE-AC11-4103-AECC-95607350243D}.Release|Any CPU.Build.0 = Release|Any CPU
	EndGlobalSection
	GlobalSection(SolutionProperties) = preSolution
		HideSolutionNode = FALSE
	EndGlobalSection
	GlobalSection(ExtensibilityGlobals) = postSolution
		SolutionGuid = {B49D17CB-CF8F-4B45-BD19-0665EC96C9E7}
	EndGlobalSection
EndGlobal
